// !$*UTF8*$!
{
	archiveVersion = 1;
	classes = {
	};
	objectVersion = 77;
	objects = {

/* Begin PBXBuildFile section */
		F39475C32E2FDC2200065ECB /* ProjectOutline.md in Resources */ = {isa = PBXBuildFile; fileRef = F39475C22E2FDC2200065ECB /* ProjectOutline.md */; };
		F39475C52E2FE29400065ECB /* FAQ.md in Resources */ = {isa = PBXBuildFile; fileRef = F39475C42E2FE29400065ECB /* FAQ.md */; };
		F39475C72E2FE32500065ECB /* QuickStart.md in Resources */ = {isa = PBXBuildFile; fileRef = F39475C62E2FE32500065ECB /* QuickStart.md */; };
		F394765A2E326A6100065ECB /* SmartSpectraSwiftSDK in Frameworks */ = {isa = PBXBuildFile; productRef = F39476592E326A6100065ECB /* SmartSpectraSwiftSDK */; };
/* End PBXBuildFile section */

/* Begin PBXContainerItemProxy section */
		F394759A2E2FDA0000065ECB /* PBXContainerItemProxy */ = {
			isa = PBXContainerItemProxy;
			containerPortal = F39475842E2FDA0000065ECB /* Project object */;
			proxyType = 1;
			remoteGlobalIDString = F394758B2E2FDA0000065ECB;
			remoteInfo = FitPulseDemo;
		};
		F39475A42E2FDA0000065ECB /* PBXContainerItemProxy */ = {
			isa = PBXContainerItemProxy;
			containerPortal = F39475842E2FDA0000065ECB /* Project object */;
			proxyType = 1;
			remoteGlobalIDString = F394758B2E2FDA0000065ECB;
			remoteInfo = FitPulseDemo;
		};
/* End PBXContainerItemProxy section */

/* Begin PBXFileReference section */
		F394758C2E2FDA0000065ECB /* FitPulseDemo.app */ = {isa = PBXFileReference; explicitFileType = wrapper.application; includeInIndex = 0; path = FitPulseDemo.app; sourceTree = BUILT_PRODUCTS_DIR; };
		F39475992E2FDA0000065ECB /* FitPulseDemoTests.xctest */ = {isa = PBXFileReference; explicitFileType = wrapper.cfbundle; includeInIndex = 0; path = FitPulseDemoTests.xctest; sourceTree = BUILT_PRODUCTS_DIR; };
		F39475A32E2FDA0000065ECB /* FitPulseDemoUITests.xctest */ = {isa = PBXFileReference; explicitFileType = wrapper.cfbundle; includeInIndex = 0; path = FitPulseDemoUITests.xctest; sourceTree = BUILT_PRODUCTS_DIR; };
		F39475C22E2FDC2200065ECB /* ProjectOutline.md */ = {isa = PBXFileReference; lastKnownFileType = net.daringfireball.markdown; path = ProjectOutline.md; sourceTree = "<group>"; };
		F39475C42E2FE29400065ECB /* FAQ.md */ = {isa = PBXFileReference; lastKnownFileType = net.daringfireball.markdown; path = FAQ.md; sourceTree = "<group>"; };
		F39475C62E2FE32500065ECB /* QuickStart.md */ = {isa = PBXFileReference; lastKnownFileType = net.daringfireball.markdown; path = QuickStart.md; sourceTree = "<group>"; };
/* End PBXFileReference section */

/* Begin PBXFileSystemSynchronizedRootGroup section */
		F394758E2E2FDA0000065ECB /* FitPulseDemo */ = {
			isa = PBXFileSystemSynchronizedRootGroup;
			path = FitPulseDemo;
			sourceTree = "<group>";
		};
		F394759C2E2FDA0000065ECB /* FitPulseDemoTests */ = {
			isa = PBXFileSystemSynchronizedRootGroup;
			path = FitPulseDemoTests;
			sourceTree = "<group>";
		};
		F39475A62E2FDA0000065ECB /* FitPulseDemoUITests */ = {
			isa = PBXFileSystemSynchronizedRootGroup;
			path = FitPulseDemoUITests;
			sourceTree = "<group>";
		};
/* End PBXFileSystemSynchronizedRootGroup section */

/* Begin PBXFrameworksBuildPhase section */
		F39475892E2FDA0000065ECB /* Frameworks */ = {
			isa = PBXFrameworksBuildPhase;
			buildActionMask = 2147483647;
			files = (
				F394765A2E326A6100065ECB /* SmartSpectraSwiftSDK in Frameworks */,
			);
			runOnlyForDeploymentPostprocessing = 0;
		};
		F39475962E2FDA0000065ECB /* Frameworks */ = {
			isa = PBXFrameworksBuildPhase;
			buildActionMask = 2147483647;
			files = (
			);
			runOnlyForDeploymentPostprocessing = 0;
		};
		F39475A02E2FDA0000065ECB /* Frameworks */ = {
			isa = PBXFrameworksBuildPhase;
			buildActionMask = 2147483647;
			files = (
			);
			runOnlyForDeploymentPostprocessing = 0;
		};
/* End PBXFrameworksBuildPhase section */

/* Begin PBXGroup section */
		F39475832E2FDA0000065ECB = {
			isa = PBXGroup;
			children = (
				F39475C62E2FE32500065ECB /* QuickStart.md */,
				F39475C42E2FE29400065ECB /* FAQ.md */,
				F39475C22E2FDC2200065ECB /* ProjectOutline.md */,
				F394758E2E2FDA0000065ECB /* FitPulseDemo */,
				F394759C2E2FDA0000065ECB /* FitPulseDemoTests */,
				F39475A62E2FDA0000065ECB /* FitPulseDemoUITests */,
				F394758D2E2FDA0000065ECB /* Products */,
			);
			sourceTree = "<group>";
		};
		F394758D2E2FDA0000065ECB /* Products */ = {
			isa = PBXGroup;
			children = (
				F394758C2E2FDA0000065ECB /* FitPulseDemo.app */,
				F39475992E2FDA0000065ECB /* FitPulseDemoTests.xctest */,
				F39475A32E2FDA0000065ECB /* FitPulseDemoUITests.xctest */,
			);
			name = Products;
			sourceTree = "<group>";
		};
/* End PBXGroup section */

/* Begin PBXNativeTarget section */
		F394758B2E2FDA0000065ECB /* FitPulseDemo */ = {
			isa = PBXNativeTarget;
			buildConfigurationList = F39475AD2E2FDA0000065ECB /* Build configuration list for PBXNativeTarget "FitPulseDemo" */;
			buildPhases = (
				F39475882E2FDA0000065ECB /* Sources */,
				F39475892E2FDA0000065ECB /* Frameworks */,
				F394758A2E2FDA0000065ECB /* Resources */,
			);
			buildRules = (
			);
			dependencies = (
			);
			fileSystemSynchronizedGroups = (
				F394758E2E2FDA0000065ECB /* FitPulseDemo */,
			);
			name = FitPulseDemo;
			packageProductDependencies = (
				F39476592E326A6100065ECB /* SmartSpectraSwiftSDK */,
			);
			productName = FitPulseDemo;
			productReference = F394758C2E2FDA0000065ECB /* FitPulseDemo.app */;
			productType = "com.apple.product-type.application";
		};
		F39475982E2FDA0000065ECB /* FitPulseDemoTests */ = {
			isa = PBXNativeTarget;
			buildConfigurationList = F39475B02E2FDA0000065ECB /* Build configuration list for PBXNativeTarget "FitPulseDemoTests" */;
			buildPhases = (
				F39475952E2FDA0000065ECB /* Sources */,
				F39475962E2FDA0000065ECB /* Frameworks */,
				F39475972E2FDA0000065ECB /* Resources */,
			);
			buildRules = (
			);
			dependencies = (
				F394759B2E2FDA0000065ECB /* PBXTargetDependency */,
			);
			fileSystemSynchronizedGroups = (
				F394759C2E2FDA0000065ECB /* FitPulseDemoTests */,
			);
			name = FitPulseDemoTests;
			packageProductDependencies = (
			);
			productName = FitPulseDemoTests;
			productReference = F39475992E2FDA0000065ECB /* FitPulseDemoTests.xctest */;
			productType = "com.apple.product-type.bundle.unit-test";
		};
		F39475A22E2FDA0000065ECB /* FitPulseDemoUITests */ = {
			isa = PBXNativeTarget;
			buildConfigurationList = F39475B32E2FDA0000065ECB /* Build configuration list for PBXNativeTarget "FitPulseDemoUITests" */;
			buildPhases = (
				F394759F2E2FDA0000065ECB /* Sources */,
				F39475A02E2FDA0000065ECB /* Frameworks */,
				F39475A12E2FDA0000065ECB /* Resources */,
			);
			buildRules = (
			);
			dependencies = (
				F39475A52E2FDA0000065ECB /* PBXTargetDependency */,
			);
			fileSystemSynchronizedGroups = (
				F39475A62E2FDA0000065ECB /* FitPulseDemoUITests */,
			);
			name = FitPulseDemoUITests;
			packageProductDependencies = (
			);
			productName = FitPulseDemoUITests;
			productReference = F39475A32E2FDA0000065ECB /* FitPulseDemoUITests.xctest */;
			productType = "com.apple.product-type.bundle.ui-testing";
		};
/* End PBXNativeTarget section */

/* Begin PBXProject section */
		F39475842E2FDA0000065ECB /* Project object */ = {
			isa = PBXProject;
			attributes = {
				BuildIndependentTargetsInParallel = 1;
				LastSwiftUpdateCheck = 1630;
				LastUpgradeCheck = 1630;
				TargetAttributes = {
					F394758B2E2FDA0000065ECB = {
						CreatedOnToolsVersion = 16.3;
					};
					F39475982E2FDA0000065ECB = {
						CreatedOnToolsVersion = 16.3;
						TestTargetID = F394758B2E2FDA0000065ECB;
					};
					F39475A22E2FDA0000065ECB = {
						CreatedOnToolsVersion = 16.3;
						TestTargetID = F394758B2E2FDA0000065ECB;
					};
				};
			};
			buildConfigurationList = F39475872E2FDA0000065ECB /* Build configuration list for PBXProject "FitPulseDemo" */;
			developmentRegion = en;
			hasScannedForEncodings = 0;
			knownRegions = (
				en,
				Base,
			);
			mainGroup = F39475832E2FDA0000065ECB;
			minimizedProjectReferenceProxies = 1;
			packageReferences = (
				F39476582E326A6100065ECB /* XCRemoteSwiftPackageReference "SmartSpectra" */,
			);
			preferredProjectObjectVersion = 77;
			productRefGroup = F394758D2E2FDA0000065ECB /* Products */;
			projectDirPath = "";
			projectRoot = "";
			targets = (
				F394758B2E2FDA0000065ECB /* FitPulseDemo */,
				F39475982E2FDA0000065ECB /* FitPulseDemoTests */,
				F39475A22E2FDA0000065ECB /* FitPulseDemoUITests */,
			);
		};
/* End PBXProject section */

/* Begin PBXResourcesBuildPhase section */
		F394758A2E2FDA0000065ECB /* Resources */ = {
			isa = PBXResourcesBuildPhase;
			buildActionMask = 2147483647;
			files = (
				F39475C32E2FDC2200065ECB /* ProjectOutline.md in Resources */,
				F39475C52E2FE29400065ECB /* FAQ.md in Resources */,
				F39475C72E2FE32500065ECB /* QuickStart.md in Resources */,
			);
			runOnlyForDeploymentPostprocessing = 0;
		};
		F39475972E2FDA0000065ECB /* Resources */ = {
			isa = PBXResourcesBuildPhase;
			buildActionMask = 2147483647;
			files = (
			);
			runOnlyForDeploymentPostprocessing = 0;
		};
		F39475A12E2FDA0000065ECB /* Resources */ = {
			isa = PBXResourcesBuildPhase;
			buildActionMask = 2147483647;
			files = (
			);
			runOnlyForDeploymentPostprocessing = 0;
		};
/* End PBXResourcesBuildPhase section */

/* Begin PBXSourcesBuildPhase section */
		F39475882E2FDA0000065ECB /* Sources */ = {
			isa = PBXSourcesBuildPhase;
			buildActionMask = 2147483647;
			files = (
			);
			runOnlyForDeploymentPostprocessing = 0;
		};
		F39475952E2FDA0000065ECB /* Sources */ = {
			isa = PBXSourcesBuildPhase;
			buildActionMask = 2147483647;
			files = (
			);
			runOnlyForDeploymentPostprocessing = 0;
		};
		F394759F2E2FDA0000065ECB /* Sources */ = {
			isa = PBXSourcesBuildPhase;
			buildActionMask = 2147483647;
			files = (
			);
			runOnlyForDeploymentPostprocessing = 0;
		};
/* End PBXSourcesBuildPhase section */

/* Begin PBXTargetDependency section */
		F394759B2E2FDA0000065ECB /* PBXTargetDependency */ = {
			isa = PBXTargetDependency;
			target = F394758B2E2FDA0000065ECB /* FitPulseDemo */;
			targetProxy = F394759A2E2FDA0000065ECB /* PBXContainerItemProxy */;
		};
		F39475A52E2FDA0000065ECB /* PBXTargetDependency */ = {
			isa = PBXTargetDependency;
			target = F394758B2E2FDA0000065ECB /* FitPulseDemo */;
			targetProxy = F39475A42E2FDA0000065ECB /* PBXContainerItemProxy */;
		};
/* End PBXTargetDependency section */

/* Begin XCBuildConfiguration section */
		F39475AB2E2FDA0000065ECB /* Debug */ = {
			isa = XCBuildConfiguration;
			buildSettings = {
				ALWAYS_SEARCH_USER_PATHS = NO;
				ASSETCATALOG_COMPILER_GENERATE_SWIFT_ASSET_SYMBOL_EXTENSIONS = YES;
				CLANG_ANALYZER_NONNULL = YES;
				CLANG_ANALYZER_NUMBER_OBJECT_CONVERSION = YES_AGGRESSIVE;
				CLANG_CXX_LANGUAGE_STANDARD = "gnu++20";
				CLANG_ENABLE_MODULES = YES;
				CLANG_ENABLE_OBJC_ARC = YES;
				CLANG_ENABLE_OBJC_WEAK = YES;
				CLANG_WARN_BLOCK_CAPTURE_AUTORELEASING = YES;
				CLANG_WARN_BOOL_CONVERSION = YES;
				CLANG_WARN_COMMA = YES;
				CLANG_WARN_CONSTANT_CONVERSION = YES;
				CLANG_WARN_DEPRECATED_OBJC_IMPLEMENTATIONS = YES;
				CLANG_WARN_DIRECT_OBJC_ISA_USAGE = YES_ERROR;
				CLANG_WARN_DOCUMENTATION_COMMENTS = YES;
				CLANG_WARN_EMPTY_BODY = YES;
				CLANG_WARN_ENUM_CONVERSION = YES;
				CLANG_WARN_INFINITE_RECURSION = YES;
				CLANG_WARN_INT_CONVERSION = YES;
				CLANG_WARN_NON_LITERAL_NULL_CONVERSION = YES;
				CLANG_WARN_OBJC_IMPLICIT_RETAIN_SELF = YES;
				CLANG_WARN_OBJC_LITERAL_CONVERSION = YES;
				CLANG_WARN_OBJC_ROOT_CLASS = YES_ERROR;
				CLANG_WARN_QUOTED_INCLUDE_IN_FRAMEWORK_HEADER = YES;
				CLANG_WARN_RANGE_LOOP_ANALYSIS = YES;
				CLANG_WARN_STRICT_PROTOTYPES = YES;
				CLANG_WARN_SUSPICIOUS_MOVE = YES;
				CLANG_WARN_UNGUARDED_AVAILABILITY = YES_AGGRESSIVE;
				CLANG_WARN_UNREACHABLE_CODE = YES;
				CLANG_WARN__DUPLICATE_METHOD_MATCH = YES;
				COPY_PHASE_STRIP = NO;
				DEBUG_INFORMATION_FORMAT = dwarf;
				DEVELOPMENT_TEAM = 58A3K427LB;
				ENABLE_STRICT_OBJC_MSGSEND = YES;
				ENABLE_TESTABILITY = YES;
				ENABLE_USER_SCRIPT_SANDBOXING = YES;
				GCC_C_LANGUAGE_STANDARD = gnu17;
				GCC_DYNAMIC_NO_PIC = NO;
				GCC_NO_COMMON_BLOCKS = YES;
				GCC_OPTIMIZATION_LEVEL = 0;
				GCC_PREPROCESSOR_DEFINITIONS = (
					"DEBUG=1",
					"$(inherited)",
				);
				GCC_WARN_64_TO_32_BIT_CONVERSION = YES;
				GCC_WARN_ABOUT_RETURN_TYPE = YES_ERROR;
				GCC_WARN_UNDECLARED_SELECTOR = YES;
				GCC_WARN_UNINITIALIZED_AUTOS = YES_AGGRESSIVE;
				GCC_WARN_UNUSED_FUNCTION = YES;
				GCC_WARN_UNUSED_VARIABLE = YES;
				IPHONEOS_DEPLOYMENT_TARGET = 18.4;
				LOCALIZATION_PREFERS_STRING_CATALOGS = YES;
				MTL_ENABLE_DEBUG_INFO = INCLUDE_SOURCE;
				MTL_FAST_MATH = YES;
				ONLY_ACTIVE_ARCH = YES;
				SDKROOT = iphoneos;
				SWIFT_ACTIVE_COMPILATION_CONDITIONS = "DEBUG $(inherited)";
				SWIFT_OPTIMIZATION_LEVEL = "-Onone";
			};
			name = Debug;
		};
		F39475AC2E2FDA0000065ECB /* Release */ = {
			isa = XCBuildConfiguration;
			buildSettings = {
				ALWAYS_SEARCH_USER_PATHS = NO;
				ASSETCATALOG_COMPILER_GENERATE_SWIFT_ASSET_SYMBOL_EXTENSIONS = YES;
				CLANG_ANALYZER_NONNULL = YES;
				CLANG_ANALYZER_NUMBER_OBJECT_CONVERSION = YES_AGGRESSIVE;
				CLANG_CXX_LANGUAGE_STANDARD = "gnu++20";
				CLANG_ENABLE_MODULES = YES;
				CLANG_ENABLE_OBJC_ARC = YES;
				CLANG_ENABLE_OBJC_WEAK = YES;
				CLANG_WARN_BLOCK_CAPTURE_AUTORELEASING = YES;
				CLANG_WARN_BOOL_CONVERSION = YES;
				CLANG_WARN_COMMA = YES;
				CLANG_WARN_CONSTANT_CONVERSION = YES;
				CLANG_WARN_DEPRECATED_OBJC_IMPLEMENTATIONS = YES;
				CLANG_WARN_DIRECT_OBJC_ISA_USAGE = YES_ERROR;
				CLANG_WARN_DOCUMENTATION_COMMENTS = YES;
				CLANG_WARN_EMPTY_BODY = YES;
				CLANG_WARN_ENUM_CONVERSION = YES;
				CLANG_WARN_INFINITE_RECURSION = YES;
				CLANG_WARN_INT_CONVERSION = YES;
				CLANG_WARN_NON_LITERAL_NULL_CONVERSION = YES;
				CLANG_WARN_OBJC_IMPLICIT_RETAIN_SELF = YES;
				CLANG_WARN_OBJC_LITERAL_CONVERSION = YES;
				CLANG_WARN_OBJC_ROOT_CLASS = YES_ERROR;
				CLANG_WARN_QUOTED_INCLUDE_IN_FRAMEWORK_HEADER = YES;
				CLANG_WARN_RANGE_LOOP_ANALYSIS = YES;
				CLANG_WARN_STRICT_PROTOTYPES = YES;
				CLANG_WARN_SUSPICIOUS_MOVE = YES;
				CLANG_WARN_UNGUARDED_AVAILABILITY = YES_AGGRESSIVE;
				CLANG_WARN_UNREACHABLE_CODE = YES;
				CLANG_WARN__DUPLICATE_METHOD_MATCH = YES;
				COPY_PHASE_STRIP = NO;
				DEBUG_INFORMATION_FORMAT = "dwarf-with-dsym";
				DEVELOPMENT_TEAM = 58A3K427LB;
				ENABLE_NS_ASSERTIONS = NO;
				ENABLE_STRICT_OBJC_MSGSEND = YES;
				ENABLE_USER_SCRIPT_SANDBOXING = YES;
				GCC_C_LANGUAGE_STANDARD = gnu17;
				GCC_NO_COMMON_BLOCKS = YES;
				GCC_WARN_64_TO_32_BIT_CONVERSION = YES;
				GCC_WARN_ABOUT_RETURN_TYPE = YES_ERROR;
				GCC_WARN_UNDECLARED_SELECTOR = YES;
				GCC_WARN_UNINITIALIZED_AUTOS = YES_AGGRESSIVE;
				GCC_WARN_UNUSED_FUNCTION = YES;
				GCC_WARN_UNUSED_VARIABLE = YES;
				IPHONEOS_DEPLOYMENT_TARGET = 18.4;
				LOCALIZATION_PREFERS_STRING_CATALOGS = YES;
				MTL_ENABLE_DEBUG_INFO = NO;
				MTL_FAST_MATH = YES;
				SDKROOT = iphoneos;
				SWIFT_COMPILATION_MODE = wholemodule;
				VALIDATE_PRODUCT = YES;
			};
			name = Release;
		};
		F39475AE2E2FDA0000065ECB /* Debug */ = {
			isa = XCBuildConfiguration;
			buildSettings = {
				ASSETCATALOG_COMPILER_APPICON_NAME = AppIcon;
				ASSETCATALOG_COMPILER_GLOBAL_ACCENT_COLOR_NAME = AccentColor;
				CODE_SIGN_STYLE = Automatic;
				CURRENT_PROJECT_VERSION = 1;
				DEVELOPMENT_TEAM = 58A3K427LB;
				ENABLE_PREVIEWS = YES;
				GENERATE_INFOPLIST_FILE = YES;
				INFOPLIST_KEY_NSCameraUsageDescription = "Vitals cannot be measured without the camera.";
				INFOPLIST_KEY_UIApplicationSceneManifest_Generation = YES;
				INFOPLIST_KEY_UIApplicationSupportsIndirectInputEvents = YES;
				INFOPLIST_KEY_UILaunchScreen_Generation = YES;
				INFOPLIST_KEY_UIRequiresFullScreen = YES;
				INFOPLIST_KEY_UISupportedInterfaceOrientations = UIInterfaceOrientationPortrait;
				IPHONEOS_DEPLOYMENT_TARGET = 16.6;
				LD_RUNPATH_SEARCH_PATHS = (
					"$(inherited)",
					"@executable_path/Frameworks",
				);
				MARKETING_VERSION = 1.0;
				PRODUCT_BUNDLE_IDENTIFIER = com.fstrout.FitPulseDemo;
				PRODUCT_NAME = "$(TARGET_NAME)";
				SWIFT_EMIT_LOC_STRINGS = YES;
				SWIFT_VERSION = 5.0;
				TARGETED_DEVICE_FAMILY = "1,2";
			};
			name = Debug;
		};
		F39475AF2E2FDA0000065ECB /* Release */ = {
			isa = XCBuildConfiguration;
			buildSettings = {
				ASSETCATALOG_COMPILER_APPICON_NAME = AppIcon;
				ASSETCATALOG_COMPILER_GLOBAL_ACCENT_COLOR_NAME = AccentColor;
				CODE_SIGN_STYLE = Automatic;
				CURRENT_PROJECT_VERSION = 1;
				DEVELOPMENT_TEAM = 58A3K427LB;
				ENABLE_PREVIEWS = YES;
				GENERATE_INFOPLIST_FILE = YES;
				INFOPLIST_KEY_NSCameraUsageDescription = "Vitals cannot be measured without the camera.";
				INFOPLIST_KEY_UIApplicationSceneManifest_Generation = YES;
				INFOPLIST_KEY_UIApplicationSupportsIndirectInputEvents = YES;
				INFOPLIST_KEY_UILaunchScreen_Generation = YES;
				INFOPLIST_KEY_UIRequiresFullScreen = YES;
				INFOPLIST_KEY_UISupportedInterfaceOrientations = UIInterfaceOrientationPortrait;
				IPHONEOS_DEPLOYMENT_TARGET = 16.6;
				LD_RUNPATH_SEARCH_PATHS = (
					"$(inherited)",
					"@executable_path/Frameworks",
				);
				MARKETING_VERSION = 1.0;
				PRODUCT_BUNDLE_IDENTIFIER = com.fstrout.FitPulseDemo;
				PRODUCT_NAME = "$(TARGET_NAME)";
				SWIFT_EMIT_LOC_STRINGS = YES;
				SWIFT_VERSION = 5.0;
				TARGETED_DEVICE_FAMILY = "1,2";
			};
			name = Release;
		};
		F39475B12E2FDA0000065ECB /* Debug */ = {
			isa = XCBuildConfiguration;
			buildSettings = {
				BUNDLE_LOADER = "$(TEST_HOST)";
				CODE_SIGN_STYLE = Automatic;
				CURRENT_PROJECT_VERSION = 1;
				DEVELOPMENT_TEAM = 58A3K427LB;
				GENERATE_INFOPLIST_FILE = YES;
				IPHONEOS_DEPLOYMENT_TARGET = 18.4;
				MARKETING_VERSION = 1.0;
				PRODUCT_BUNDLE_IDENTIFIER = com.fstrout.FitPulseDemoTests;
				PRODUCT_NAME = "$(TARGET_NAME)";
				SWIFT_EMIT_LOC_STRINGS = NO;
				SWIFT_VERSION = 5.0;
				TARGETED_DEVICE_FAMILY = "1,2";
				TEST_HOST = "$(BUILT_PRODUCTS_DIR)/FitPulseDemo.app/$(BUNDLE_EXECUTABLE_FOLDER_PATH)/FitPulseDemo";
			};
			name = Debug;
		};
		F39475B22E2FDA0000065ECB /* Release */ = {
			isa = XCBuildConfiguration;
			buildSettings = {
				BUNDLE_LOADER = "$(TEST_HOST)";
				CODE_SIGN_STYLE = Automatic;
				CURRENT_PROJECT_VERSION = 1;
				DEVELOPMENT_TEAM = 58A3K427LB;
				GENERATE_INFOPLIST_FILE = YES;
				IPHONEOS_DEPLOYMENT_TARGET = 18.4;
				MARKETING_VERSION = 1.0;
				PRODUCT_BUNDLE_IDENTIFIER = com.fstrout.FitPulseDemoTests;
				PRODUCT_NAME = "$(TARGET_NAME)";
				SWIFT_EMIT_LOC_STRINGS = NO;
				SWIFT_VERSION = 5.0;
				TARGETED_DEVICE_FAMILY = "1,2";
				TEST_HOST = "$(BUILT_PRODUCTS_DIR)/FitPulseDemo.app/$(BUNDLE_EXECUTABLE_FOLDER_PATH)/FitPulseDemo";
			};
			name = Release;
		};
		F39475B42E2FDA0000065ECB /* Debug */ = {
			isa = XCBuildConfiguration;
			buildSettings = {
				CODE_SIGN_STYLE = Automatic;
				CURRENT_PROJECT_VERSION = 1;
				DEVELOPMENT_TEAM = 58A3K427LB;
				GENERATE_INFOPLIST_FILE = YES;
				MARKETING_VERSION = 1.0;
				PRODUCT_BUNDLE_IDENTIFIER = com.fstrout.FitPulseDemoUITests;
				PRODUCT_NAME = "$(TARGET_NAME)";
				SWIFT_EMIT_LOC_STRINGS = NO;
				SWIFT_VERSION = 5.0;
				TARGETED_DEVICE_FAMILY = "1,2";
				TEST_TARGET_NAME = FitPulseDemo;
			};
			name = Debug;
		};
		F39475B52E2FDA0000065ECB /* Release */ = {
			isa = XCBuildConfiguration;
			buildSettings = {
				CODE_SIGN_STYLE = Automatic;
				CURRENT_PROJECT_VERSION = 1;
				DEVELOPMENT_TEAM = 58A3K427LB;
				GENERATE_INFOPLIST_FILE = YES;
				MARKETING_VERSION = 1.0;
				PRODUCT_BUNDLE_IDENTIFIER = com.fstrout.FitPulseDemoUITests;
				PRODUCT_NAME = "$(TARGET_NAME)";
				SWIFT_EMIT_LOC_STRINGS = NO;
				SWIFT_VERSION = 5.0;
				TARGETED_DEVICE_FAMILY = "1,2";
				TEST_TARGET_NAME = FitPulseDemo;
			};
			name = Release;
		};
/* End XCBuildConfiguration section */

/* Begin XCConfigurationList section */
		F39475872E2FDA0000065ECB /* Build configuration list for PBXProject "FitPulseDemo" */ = {
			isa = XCConfigurationList;
			buildConfigurations = (
				F39475AB2E2FDA0000065ECB /* Debug */,
				F39475AC2E2FDA0000065ECB /* Release */,
			);
			defaultConfigurationIsVisible = 0;
			defaultConfigurationName = Release;
		};
		F39475AD2E2FDA0000065ECB /* Build configuration list for PBXNativeTarget "FitPulseDemo" */ = {
			isa = XCConfigurationList;
			buildConfigurations = (
				F39475AE2E2FDA0000065ECB /* Debug */,
				F39475AF2E2FDA0000065ECB /* Release */,
			);
			defaultConfigurationIsVisible = 0;
			defaultConfigurationName = Release;
		};
		F39475B02E2FDA0000065ECB /* Build configuration list for PBXNativeTarget "FitPulseDemoTests" */ = {
			isa = XCConfigurationList;
			buildConfigurations = (
				F39475B12E2FDA0000065ECB /* Debug */,
				F39475B22E2FDA0000065ECB /* Release */,
			);
			defaultConfigurationIsVisible = 0;
			defaultConfigurationName = Release;
		};
		F39475B32E2FDA0000065ECB /* Build configuration list for PBXNativeTarget "FitPulseDemoUITests" */ = {
			isa = XCConfigurationList;
			buildConfigurations = (
				F39475B42E2FDA0000065ECB /* Debug */,
				F39475B52E2FDA0000065ECB /* Release */,
			);
			defaultConfigurationIsVisible = 0;
			defaultConfigurationName = Release;
		};
/* End XCConfigurationList section */

/* Begin XCRemoteSwiftPackageReference section */
		F39476582E326A6100065ECB /* XCRemoteSwiftPackageReference "SmartSpectra" */ = {
			isa = XCRemoteSwiftPackageReference;
			repositoryURL = "https://github.com/Presage-Security/SmartSpectra";
			requirement = {
				branch = main;
				kind = branch;
			};
		};
/* End XCRemoteSwiftPackageReference section */

/* Begin XCSwiftPackageProductDependency section */
		F39476592E326A6100065ECB /* SmartSpectraSwiftSDK */ = {
			isa = XCSwiftPackageProductDependency;
			package = F39476582E326A6100065ECB /* XCRemoteSwiftPackageReference "SmartSpectra" */;
			productName = SmartSpectraSwiftSDK;
		};
/* End XCSwiftPackageProductDependency section */
	};
	rootObject = F39475842E2FDA0000065ECB /* Project object */;
}
